
Microsoft Visual Studio Solution File, Format Version 12.00
# Visual Studio Version 17
VisualStudioVersion = 17.1.32210.238
MinimumVisualStudioVersion = 10.0.40219.1
Project("{9A19103F-16F7-4668-BE54-9A1E7A4F7556}") = "Fluid.Server", "Fluid.Server\Fluid.Server.csproj", "{001021B6-4E84-4BE2-BFAA-E10FABC94D32}"
EndProject
Project("{9A19103F-16F7-4668-BE54-9A1E7A4F7556}") = "Fluid.Client", "Fluid.Client\Fluid.Client.csproj", "{A0A28461-FF7E-42BF-91F4-F0CAB7264341}"
EndProject
Project("{9A19103F-16F7-4668-BE54-9A1E7A4F7556}") = "Fluid.Shared", "Fluid.Shared\Fluid.Shared.csproj", "{DDBA82AD-F48F-41AE-A3CE-F689DB4618AA}"
EndProject
Project("{9A19103F-16F7-4668-BE54-9A1E7A4F7556}") = "Fluid.Core", "Fluid.Core\Fluid.Core.csproj", "{F392964E-00B7-4D1B-B360-9FD70AF96D00}"
EndProject
Global
	GlobalSection(SolutionConfigurationPlatforms) = preSolution
		Debug|Any CPU = Debug|Any CPU
		Release|Any CPU = Release|Any CPU
	EndGlobalSection
	GlobalSection(ProjectConfigurationPlatforms) = postSolution
		{001021B6-4E84-4BE2-BFAA-E10FABC94D32}.Debug|Any CPU.ActiveCfg = Debug|Any CPU
		{001021B6-4E84-4BE2-BFAA-E10FABC94D32}.Debug|Any CPU.Build.0 = Debug|Any CPU
		{001021B6-4E84-4BE2-BFAA-E10FABC94D32}.Release|Any CPU.ActiveCfg = Release|Any CPU
		{001021B6-4E84-4BE2-BFAA-E10FABC94D32}.Release|Any CPU.Build.0 = Release|Any CPU
		{A0A28461-FF7E-42BF-91F4-F0CAB7264341}.Debug|Any CPU.ActiveCfg = Debug|Any CPU
		{A0A28461-FF7E-42BF-91F4-F0CAB7264341}.Debug|Any CPU.Build.0 = Debug|Any CPU
		{A0A28461-FF7E-42BF-91F4-F0CAB7264341}.Release|Any CPU.ActiveCfg = Release|Any CPU
		{A0A28461-FF7E-42BF-91F4-F0CAB7264341}.Release|Any CPU.Build.0 = Release|Any CPU
		{DDBA82AD-F48F-41AE-A3CE-F689DB4618AA}.Debug|Any CPU.ActiveCfg = Debug|Any CPU
		{DDBA82AD-F48F-41AE-A3CE-F689DB4618AA}.Debug|Any CPU.Build.0 = Debug|Any CPU
		{DDBA82AD-F48F-41AE-A3CE-F689DB4618AA}.Release|Any CPU.ActiveCfg = Release|Any CPU
		{DDBA82AD-F48F-41AE-A3CE-F689DB4618AA}.Release|Any CPU.Build.0 = Release|Any CPU
		{F392964E-00B7-4D1B-B360-9FD70AF96D00}.Debug|Any CPU.ActiveCfg = Debug|Any CPU
		{F392964E-00B7-4D1B-B360-9FD70AF96D00}.Debug|Any CPU.Build.0 = Debug|Any CPU
		{F392964E-00B7-4D1B-B360-9FD70AF96D00}.Release|Any CPU.ActiveCfg = Release|Any CPU
		{F392964E-00B7-4D1B-B360-9FD70AF96D00}.Release|Any CPU.Build.0 = Release|Any CPU
	EndGlobalSection
	GlobalSection(SolutionProperties) = preSolution
		HideSolutionNode = FALSE
	EndGlobalSection
	GlobalSection(ExtensibilityGlobals) = postSolution
		SolutionGuid = {B08D7D8F-462D-4B12-A3A2-FC36C6C6B208}
	EndGlobalSection
EndGlobal
